{
  "name": "@yohi/cloudflare-ai-gateway-byok",
  "version": "1.0.5",
  "lockfileVersion": 3,
  "requires": true,
  "packages": {
    "": {
      "name": "@yohi/cloudflare-ai-gateway-byok",
      "version": "1.0.5",
      "dependencies": {
        "ai-gateway-provider": "^3.1.2"
      },
      "devDependencies": {
        "@opencode-ai/plugin": "1.18.13",
        "@types/bun": "^1.2.0",
        "effect": "4.0.0-beta.83",
        "typescript": "^5.7.0"
      },
      "peerDependencies": {
        "@opencode-ai/plugin": ">=1.18.13 <2.0.0",
        "effect": ">=4.0.0-beta.83 <5.0.0"
      }
    },
    "node_modules/@ai-sdk/amazon-bedrock": {
      "version": "4.0.146",
      "license": "Apache-2.0",
      "optional": true,
      "dependencies": {
        "@ai-sdk/anthropic": "3.0.105",
        "@ai-sdk/openai": "3.0.90",
        "@ai-sdk/provider": "3.0.14",
        "@ai-sdk/provider-utils": "4.0.41",
        "@smithy/eventstream-codec": "^4.0.1",
        "@smithy/util-utf8": "^4.0.0",
        "aws4fetch": "^1.0.20"
      },
      "engines": {
        "node": ">=18"
      },
      "peerDependencies": {
        "zod": "^3.25.76 || ^4.1.8"
      }
    },
    "node_modules/@ai-sdk/amazon-bedrock/node_modules/@ai-sdk/provider": {
      "version": "3.0.14",
      "license": "Apache-2.0",
      "optional": true,
      "dependencies": {
        "json-schema": "^0.4.0"
      },
      "engines": {
        "node": ">=18"
      }
    },
    "node_modules/@ai-sdk/anthropic": {
      "version": "3.0.105",
      "license": "Apache-2.0",
      "optional": true,
      "dependencies": {
        "@ai-sdk/provider": "3.0.14",
        "@ai-sdk/provider-utils": "4.0.41"
      },
      "engines": {
        "node": ">=18"
      },
      "peerDependencies": {
        "zod": "^3.25.76 || ^4.1.8"
      }
    },
    "node_modules/@ai-sdk/anthropic/node_modules/@ai-sdk/provider": {
      "version": "3.0.14",
      "license": "Apache-2.0",
      "optional": true,
      "dependencies": {
        "json-schema": "^0.4.0"
      },
      "engines": {
        "node": ">=18"
      }
    },
    "node_modules/@ai-sdk/azure": {
      "version": "3.0.95",
      "license": "Apache-2.0",
      "optional": true,
      "dependencies": {
        "@ai-sdk/deepseek": "2.0.51",
        "@ai-sdk/openai": "3.0.90",
        "@ai-sdk/provider": "3.0.14",
        "@ai-sdk/provider-utils": "4.0.41"
      },
      "engines": {
        "node": ">=18"
      },
      "peerDependencies": {
        "zod": "^3.25.76 || ^4.1.8"
      }
    },
    "node_modules/@ai-sdk/azure/node_modules/@ai-sdk/provider": {
      "version": "3.0.14",
      "license": "Apache-2.0",
      "optional": true,
      "dependencies": {
        "json-schema": "^0.4.0"
      },
      "engines": {
        "node": ">=18"
      }
    },
    "node_modules/@ai-sdk/cerebras": {
      "version": "2.0.69",
      "license": "Apache-2.0",
      "optional": true,
      "dependencies": {
        "@ai-sdk/openai-compatible": "2.0.63",
        "@ai-sdk/provider": "3.0.14",
        "@ai-sdk/provider-utils": "4.0.41"
      },
      "engines": {
        "node": ">=18"
      },
      "peerDependencies": {
        "zod": "^3.25.76 || ^4.1.8"
      }
    },
    "node_modules/@ai-sdk/cerebras/node_modules/@ai-sdk/provider": {
      "version": "3.0.14",
      "license": "Apache-2.0",
      "optional": true,
      "dependencies": {
        "json-schema": "^0.4.0"
      },
      "engines": {
        "node": ">=18"
      }
    },
    "node_modules/@ai-sdk/cohere": {
      "version": "3.0.50",
      "license": "Apache-2.0",
      "optional": true,
      "dependencies": {
        "@ai-sdk/provider": "3.0.14",
        "@ai-sdk/provider-utils": "4.0.41"
      },
      "engines": {
        "node": ">=18"
      },
      "peerDependencies": {
        "zod": "^3.25.76 || ^4.1.8"
      }
    },
    "node_modules/@ai-sdk/cohere/node_modules/@ai-sdk/provider": {
      "version": "3.0.14",
      "license": "Apache-2.0",
      "optional": true,
      "dependencies": {
        "json-schema": "^0.4.0"
      },
      "engines": {
        "node": ">=18"
      }
    },
    "node_modules/@ai-sdk/deepgram": {
      "version": "2.0.47",
      "license": "Apache-2.0",
      "optional": true,
      "dependencies": {
        "@ai-sdk/provider": "3.0.14",
        "@ai-sdk/provider-utils": "4.0.41"
      },
      "engines": {
        "node": ">=18"
      },
      "peerDependencies": {
        "zod": "^3.25.76 || ^4.1.8"
      }
    },
    "node_modules/@ai-sdk/deepgram/node_modules/@ai-sdk/provider": {
      "version": "3.0.14",
      "license": "Apache-2.0",
      "optional": true,
      "dependencies": {
        "json-schema": "^0.4.0"
      },
      "engines": {
        "node": ">=18"
      }
    },
    "node_modules/@ai-sdk/deepseek": {
      "version": "2.0.51",
      "license": "Apache-2.0",
      "optional": true,
      "dependencies": {
        "@ai-sdk/provider": "3.0.14",
        "@ai-sdk/provider-utils": "4.0.41"
      },
      "engines": {
        "node": ">=18"
      },
      "peerDependencies": {
        "zod": "^3.25.76 || ^4.1.8"
      }
    },
    "node_modules/@ai-sdk/deepseek/node_modules/@ai-sdk/provider": {
      "version": "3.0.14",
      "license": "Apache-2.0",
      "optional": true,
      "dependencies": {
        "json-schema": "^0.4.0"
      },
      "engines": {
        "node": ">=18"
      }
    },
    "node_modules/@ai-sdk/elevenlabs": {
      "version": "2.0.47",
      "license": "Apache-2.0",
      "optional": true,
      "dependencies": {
        "@ai-sdk/provider": "3.0.14",
        "@ai-sdk/provider-utils": "4.0.41"
      },
      "engines": {
        "node": ">=18"
      },
      "peerDependencies": {
        "zod": "^3.25.76 || ^4.1.8"
      }
    },
    "node_modules/@ai-sdk/elevenlabs/node_modules/@ai-sdk/provider": {
      "version": "3.0.14",
      "license": "Apache-2.0",
      "optional": true,
      "dependencies": {
        "json-schema": "^0.4.0"
      },
      "engines": {
        "node": ">=18"
      }
    },
    "node_modules/@ai-sdk/fireworks": {
      "version": "2.0.72",
      "license": "Apache-2.0",
      "optional": true,
      "dependencies": {
        "@ai-sdk/openai-compatible": "2.0.63",
        "@ai-sdk/provider": "3.0.14",
        "@ai-sdk/provider-utils": "4.0.41"
      },
      "engines": {
        "node": ">=18"
      },
      "peerDependencies": {
        "zod": "^3.25.76 || ^4.1.8"
      }
    },
    "node_modules/@ai-sdk/fireworks/node_modules/@ai-sdk/provider": {
      "version": "3.0.14",
      "license": "Apache-2.0",
      "optional": true,
      "dependencies": {
        "json-schema": "^0.4.0"
      },
      "engines": {
        "node": ">=18"
      }
    },
    "node_modules/@ai-sdk/gateway": {
      "version": "3.0.165",
      "resolved": "https://registry.npmjs.org/@ai-sdk/gateway/-/gateway-3.0.165.tgz",
      "integrity": "sha512-tDodJ6kNMvTql5gm5U35khO282BLV4tEs+uf76lektINYB2vk3ifcZLnkktZhYIwiP5r95s52Ytqp1HXKjKdZw==",
      "peer": true,
      "dependencies": {
        "@ai-sdk/provider": "3.0.14",
        "@ai-sdk/provider-utils": "4.0.41",
        "@vercel/oidc": "3.2.0"
      },
      "engines": {
        "node": ">=18"
      },
      "peerDependencies": {
        "zod": "^3.25.76 || ^4.1.8"
      }
    },
    "node_modules/@ai-sdk/gateway/node_modules/@ai-sdk/provider": {
      "version": "3.0.14",
      "resolved": "https://registry.npmjs.org/@ai-sdk/provider/-/provider-3.0.14.tgz",
      "integrity": "sha512-5X1k57JBJ4H7H1QjX7CnJYAB1I19r/trVZTMcSms7/kLNZ8RaU4Nt2agcwZzv82Hfx6Q7/TOLU7agAKeFfc8cA==",
      "peer": true,
      "dependencies": {
        "json-schema": "^0.4.0"
      },
      "engines": {
        "node": ">=18"
      }
    },
    "node_modules/@ai-sdk/google": {
      "version": "3.0.103",
      "license": "Apache-2.0",
      "optional": true,
      "dependencies": {
        "@ai-sdk/provider": "3.0.14",
        "@ai-sdk/provider-utils": "4.0.41"
      },
      "engines": {
        "node": ">=18"
      },
      "peerDependencies": {
        "zod": "^3.25.76 || ^4.1.8"
      }
    },
    "node_modules/@ai-sdk/google-vertex": {
      "version": "4.0.175",
      "license": "Apache-2.0",
      "optional": true,
      "dependencies": {
        "@ai-sdk/anthropic": "3.0.105",
        "@ai-sdk/google": "3.0.103",
        "@ai-sdk/openai-compatible": "2.0.63",
        "@ai-sdk/provider": "3.0.14",
        "@ai-sdk/provider-utils": "4.0.41",
        "google-auth-library": "^10.5.0"
      },
      "engines": {
        "node": ">=18"
      },
      "peerDependencies": {
        "zod": "^3.25.76 || ^4.1.8"
      }
    },
    "node_modules/@ai-sdk/google-vertex/node_modules/@ai-sdk/provider": {
      "version": "3.0.14",
      "license": "Apache-2.0",
      "optional": true,
      "dependencies": {
        "json-schema": "^0.4.0"
      },
      "engines": {
        "node": ">=18"
      }
    },
    "node_modules/@ai-sdk/google/node_modules/@ai-sdk/provider": {
      "version": "3.0.14",
      "license": "Apache-2.0",
      "optional": true,
      "dependencies": {
        "json-schema": "^0.4.0"
      },
      "engines": {
        "node": ">=18"
      }
    },
    "node_modules/@ai-sdk/groq": {
      "version": "3.0.55",
      "license": "Apache-2.0",
      "optional": true,
      "dependencies": {
        "@ai-sdk/provider": "3.0.14",
        "@ai-sdk/provider-utils": "4.0.41"
      },
      "engines": {
        "node": ">=18"
      },
      "peerDependencies": {
        "zod": "^3.25.76 || ^4.1.8"
      }
    },
    "node_modules/@ai-sdk/groq/node_modules/@ai-sdk/provider": {
      "version": "3.0.14",
      "license": "Apache-2.0",
      "optional": true,
      "dependencies": {
        "json-schema": "^0.4.0"
      },
      "engines": {
        "node": ">=18"
      }
    },
    "node_modules/@ai-sdk/mistral": {
      "version": "3.0.53",
      "license": "Apache-2.0",
      "optional": true,
      "dependencies": {
        "@ai-sdk/provider": "3.0.14",
        "@ai-sdk/provider-utils": "4.0.41"
      },
      "engines": {
        "node": ">=18"
      },
      "peerDependencies": {
        "zod": "^3.25.76 || ^4.1.8"
      }
    },
    "node_modules/@ai-sdk/mistral/node_modules/@ai-sdk/provider": {
      "version": "3.0.14",
      "license": "Apache-2.0",
      "optional": true,
      "dependencies": {
        "json-schema": "^0.4.0"
      },
      "engines": {
        "node": ">=18"
      }
    },
    "node_modules/@ai-sdk/openai": {
      "version": "3.0.90",
      "license": "Apache-2.0",
      "optional": true,
      "dependencies": {
        "@ai-sdk/provider": "3.0.14",
        "@ai-sdk/provider-utils": "4.0.41"
      },
      "engines": {
        "node": ">=18"
      },
      "peerDependencies": {
        "zod": "^3.25.76 || ^4.1.8"
      }
    },
    "node_modules/@ai-sdk/openai-compatible": {
      "version": "2.0.63",
      "license": "Apache-2.0",
      "dependencies": {
        "@ai-sdk/provider": "3.0.14",
        "@ai-sdk/provider-utils": "4.0.41"
      },
      "engines": {
        "node": ">=18"
      },
      "peerDependencies": {
        "zod": "^3.25.76 || ^4.1.8"
      }
    },
    "node_modules/@ai-sdk/openai-compatible/node_modules/@ai-sdk/provider": {
      "version": "3.0.14",
      "license": "Apache-2.0",
      "dependencies": {
        "json-schema": "^0.4.0"
      },
      "engines": {
        "node": ">=18"
      }
    },
    "node_modules/@ai-sdk/openai/node_modules/@ai-sdk/provider": {
      "version": "3.0.14",
      "license": "Apache-2.0",
      "optional": true,
      "dependencies": {
        "json-schema": "^0.4.0"
      },
      "engines": {
        "node": ">=18"
      }
    },
    "node_modules/@ai-sdk/perplexity": {
      "version": "3.0.49",
      "license": "Apache-2.0",
      "optional": true,
      "dependencies": {
        "@ai-sdk/provider": "3.0.14",
        "@ai-sdk/provider-utils": "4.0.41"
      },
      "engines": {
        "node": ">=18"
      },
      "peerDependencies": {
        "zod": "^3.25.76 || ^4.1.8"
      }
    },
    "node_modules/@ai-sdk/perplexity/node_modules/@ai-sdk/provider": {
      "version": "3.0.14",
      "license": "Apache-2.0",
      "optional": true,
      "dependencies": {
        "json-schema": "^0.4.0"
      },
      "engines": {
        "node": ">=18"
      }
    },
    "node_modules/@ai-sdk/provider": {
      "version": "3.0.8",
      "license": "Apache-2.0",
      "dependencies": {
        "json-schema": "^0.4.0"
      },
      "engines": {
        "node": ">=18"
      }
    },
    "node_modules/@ai-sdk/provider-utils": {
      "version": "4.0.41",
      "license": "Apache-2.0",
      "dependencies": {
        "@ai-sdk/provider": "3.0.14",
        "@standard-schema/spec": "^1.1.0",
        "eventsource-parser": "^3.0.8",
        "undici": "^5.29.0"
      },
      "engines": {
        "node": ">=18"
      },
      "peerDependencies": {
        "zod": "^3.25.76 || ^4.1.8"
      }
    },
    "node_modules/@ai-sdk/provider-utils/node_modules/@ai-sdk/provider": {
      "version": "3.0.14",
      "license": "Apache-2.0",
      "dependencies": {
        "json-schema": "^0.4.0"
      },
      "engines": {
        "node": ">=18"
      }
    },
    "node_modules/@ai-sdk/xai": {
      "version": "3.0.114",
      "license": "Apache-2.0",
      "optional": true,
      "dependencies": {
        "@ai-sdk/openai-compatible": "2.0.63",
        "@ai-sdk/provider": "3.0.14",
        "@ai-sdk/provider-utils": "4.0.41"
      },
      "engines": {
        "node": ">=18"
      },
      "peerDependencies": {
        "zod": "^3.25.76 || ^4.1.8"
      }
    },
    "node_modules/@ai-sdk/xai/node_modules/@ai-sdk/provider": {
      "version": "3.0.14",
      "license": "Apache-2.0",
      "optional": true,
      "dependencies": {
        "json-schema": "^0.4.0"
      },
      "engines": {
        "node": ">=18"
      }
    },
    "node_modules/@fastify/busboy": {
      "version": "2.1.1",
      "license": "MIT",
      "engines": {
        "node": ">=14"
      }
    },
    "node_modules/@msgpackr-extract/msgpackr-extract-linux-x64": {
      "version": "3.0.4",
      "cpu": [
        "x64"
      ],
      "dev": true,
      "license": "MIT",
      "optional": true,
      "os": [
        "linux"
      ]
    },
    "node_modules/@opencode-ai/plugin": {
      "version": "1.18.13",
      "resolved": "https://registry.npmjs.org/@opencode-ai/plugin/-/plugin-1.18.13.tgz",
      "integrity": "sha512-2H9YT80M1PYElpG+lmd/9kGqsNouiJIBCUhLblmgFwoSrB4wyahgkCS6NcFQR/AYXNH4I1Yd3lmQcVaEPu1qNg==",
      "dev": true,
      "dependencies": {
        "@ai-sdk/provider": "3.0.8",
        "@opencode-ai/sdk": "1.18.13",
        "effect": "4.0.0-beta.83",
        "zod": "4.1.8"
      },
      "peerDependencies": {
        "@opentui/core": ">=0.4.5",
        "@opentui/keymap": ">=0.4.5",
        "@opentui/solid": ">=0.4.5"
      },
      "peerDependenciesMeta": {
        "@opentui/core": {
          "optional": true
        },
        "@opentui/keymap": {
          "optional": true
        },
        "@opentui/solid": {
          "optional": true
        }
      }
    },
    "node_modules/@opencode-ai/sdk": {
      "version": "1.18.13",
      "resolved": "https://registry.npmjs.org/@opencode-ai/sdk/-/sdk-1.18.13.tgz",
      "integrity": "sha512-JY9etiVcu1G/pZjaH2vjK/b8z54ujxaWCD1GziO4ADUhRM6m6zm2332bPGcxEfA6TwweiJfNlK6wVZQ0f/X4KQ==",
      "dev": true,
      "dependencies": {
        "cross-spawn": "7.0.6"
      }
    },
    "node_modules/@openrouter/ai-sdk-provider": {
      "version": "2.10.0",
      "license": "Apache-2.0",
      "optional": true,
      "engines": {
        "node": ">=18"
      },
      "peerDependencies": {
        "ai": "^6.0.0",
        "zod": "^3.25.0 || ^4.0.0"
      }
    },
    "node_modules/@opentelemetry/api": {
      "version": "1.9.0",
      "license": "Apache-2.0",
      "peer": true,
      "engines": {
        "node": ">=8.0.0"
      }
    },
    "node_modules/@smithy/core": {
      "version": "3.31.1",
      "license": "Apache-2.0",
      "optional": true,
      "dependencies": {
        "@smithy/types": "^4.16.1",
        "tslib": "^2.6.2"
      },
      "engines": {
        "node": ">=18.0.0"
      }
    },
    "node_modules/@smithy/eventstream-codec": {
      "version": "4.4.16",
      "license": "Apache-2.0",
      "optional": true,
      "dependencies": {
        "@smithy/core": "^3.31.1",
        "tslib": "^2.6.2"
      },
      "engines": {
        "node": ">=18.0.0"
      }
    },
    "node_modules/@smithy/types": {
      "version": "4.16.1",
      "license": "Apache-2.0",
      "optional": true,
      "dependencies": {
        "tslib": "^2.6.2"
      },
      "engines": {
        "node": ">=18.0.0"
      }
    },
    "node_modules/@smithy/util-utf8": {
      "version": "4.4.16",
      "license": "Apache-2.0",
      "optional": true,
      "dependencies": {
        "@smithy/core": "^3.31.1",
        "tslib": "^2.6.2"
      },
      "engines": {
        "node": ">=18.0.0"
      }
    },
    "node_modules/@standard-schema/spec": {
      "version": "1.1.0",
      "license": "MIT"
    },
    "node_modules/@types/bun": {
      "version": "1.3.14",
      "dev": true,
      "license": "MIT",
      "dependencies": {
        "bun-types": "1.3.14"
      }
    },
    "node_modules/@types/node": {
      "version": "26.1.2",
      "dev": true,
      "license": "MIT",
      "dependencies": {
        "undici-types": "~8.3.0"
      }
    },
    "node_modules/@vercel/oidc": {
      "version": "3.2.0",
      "resolved": "https://registry.npmjs.org/@vercel/oidc/-/oidc-3.2.0.tgz",
      "integrity": "sha512-UycprH3T6n3jH0k44NHMa7pnFHGu/N05MjojYr+Mc6I7obkoLIJujSWwin1pCvdy/eOxrI/l3uDLQsmcrOb4ug==",
      "peer": true,
      "engines": {
        "node": ">= 20"
      }
    },
    "node_modules/agent-base": {
      "version": "7.1.4",
      "license": "MIT",
      "optional": true,
      "engines": {
        "node": ">= 14"
      }
    },
    "node_modules/ai": {
      "version": "6.0.244",
      "resolved": "https://registry.npmjs.org/ai/-/ai-6.0.244.tgz",
      "integrity": "sha512-5/KQrhbFfpcdem2Je6JVzPq4QGL+kerdnHQ/Tatsyk3BZXPZSu23/l9FNhodAEDjLlrY660wWLN/ug126bSJMg==",
      "peer": true,
      "dependencies": {
        "@ai-sdk/gateway": "3.0.165",
        "@ai-sdk/provider": "3.0.14",
        "@ai-sdk/provider-utils": "4.0.41",
        "@opentelemetry/api": "^1.9.0"
      },
      "engines": {
        "node": ">=18"
      },
      "peerDependencies": {
        "zod": "^3.25.76 || ^4.1.8"
      }
    },
    "node_modules/ai-gateway-provider": {
      "version": "3.2.0",
      "license": "MIT",
      "optionalDependencies": {
        "@ai-sdk/amazon-bedrock": "^4.0.117",
        "@ai-sdk/anthropic": "^3.0.84",
        "@ai-sdk/azure": "^3.0.74",
        "@ai-sdk/cerebras": "^2.0.56",
        "@ai-sdk/cohere": "^3.0.38",
        "@ai-sdk/deepgram": "^2.0.35",
        "@ai-sdk/deepseek": "^2.0.38",
        "@ai-sdk/elevenlabs": "^2.0.35",
        "@ai-sdk/fireworks": "^2.0.56",
        "@ai-sdk/google": "^3.0.82",
        "@ai-sdk/google-vertex": "^4.0.145",
        "@ai-sdk/groq": "^3.0.41",
        "@ai-sdk/mistral": "^3.0.39",
        "@ai-sdk/openai": "^3.0.71",
        "@ai-sdk/perplexity": "^3.0.35",
        "@ai-sdk/xai": "^3.0.95",
        "@openrouter/ai-sdk-provider": "^2.10.0"
      },
      "peerDependencies": {
        "@ai-sdk/openai-compatible": "^2.0.0",
        "@ai-sdk/provider": "^3.0.0",
        "@ai-sdk/provider-utils": "^4.0.0",
        "ai": "^6.0.0"
      }
    },
    "node_modules/ai/node_modules/@ai-sdk/provider": {
      "version": "3.0.14",
      "resolved": "https://registry.npmjs.org/@ai-sdk/provider/-/provider-3.0.14.tgz",
      "integrity": "sha512-5X1k57JBJ4H7H1QjX7CnJYAB1I19r/trVZTMcSms7/kLNZ8RaU4Nt2agcwZzv82Hfx6Q7/TOLU7agAKeFfc8cA==",
      "peer": true,
      "dependencies": {
        "json-schema": "^0.4.0"
      },
      "engines": {
        "node": ">=18"
      }
    },
    "node_modules/aws4fetch": {
      "version": "1.0.20",
      "license": "MIT",
      "optional": true
    },
    "node_modules/base64-js": {
      "version": "1.5.1",
      "funding": [
        {
          "type": "github",
          "url": "https://github.com/sponsors/feross"
        },
        {
          "type": "patreon",
          "url": "https://www.patreon.com/feross"
        },
        {
          "type": "consulting",
          "url": "https://feross.org/support"
        }
      ],
      "license": "MIT",
      "optional": true
    },
    "node_modules/bignumber.js": {
      "version": "9.3.1",
      "license": "MIT",
      "optional": true,
      "engines": {
        "node": "*"
      }
    },
    "node_modules/buffer-equal-constant-time": {
      "version": "1.0.1",
      "license": "BSD-3-Clause",
      "optional": true
    },
    "node_modules/bun-types": {
      "version": "1.3.14",
      "dev": true,
      "license": "MIT",
      "dependencies": {
        "@types/node": "*"
      }
    },
    "node_modules/cross-spawn": {
      "version": "7.0.6",
      "dev": true,
      "license": "MIT",
      "dependencies": {
        "path-key": "^3.1.0",
        "shebang-command": "^2.0.0",
        "which": "^2.0.1"
      },
      "engines": {
        "node": ">= 8"
      }
    },
    "node_modules/data-uri-to-buffer": {
      "version": "4.0.1",
      "license": "MIT",
      "optional": true,
      "engines": {
        "node": ">= 12"
      }
    },
    "node_modules/debug": {
      "version": "4.4.3",
      "license": "MIT",
      "optional": true,
      "dependencies": {
        "ms": "^2.1.3"
      },
      "engines": {
        "node": ">=6.0"
      },
      "peerDependenciesMeta": {
        "supports-color": {
          "optional": true
        }
      }
    },
    "node_modules/detect-libc": {
      "version": "2.1.2",
      "dev": true,
      "license": "Apache-2.0",
      "optional": true,
      "engines": {
        "node": ">=8"
      }
    },
    "node_modules/ecdsa-sig-formatter": {
      "version": "1.0.11",
      "license": "Apache-2.0",
      "optional": true,
      "dependencies": {
        "safe-buffer": "^5.0.1"
      }
    },
    "node_modules/effect": {
      "version": "4.0.0-beta.83",
      "dev": true,
      "license": "MIT",
      "dependencies": {
        "@standard-schema/spec": "^1.1.0",
        "fast-check": "^4.8.0",
        "find-my-way-ts": "^0.1.6",
        "ini": "^7.0.0",
        "kubernetes-types": "^1.30.0",
        "msgpackr": "^2.0.1",
        "multipasta": "^0.2.7",
        "toml": "^4.1.1",
        "uuid": "^14.0.0",
        "yaml": "^2.9.0"
      }
    },
    "node_modules/eventsource-parser": {
      "version": "3.1.0",
      "license": "MIT",
      "engines": {
        "node": ">=18.0.0"
      }
    },
    "node_modules/extend": {
      "version": "3.0.2",
      "license": "MIT",
      "optional": true
    },
    "node_modules/fast-check": {
      "version": "4.9.0",
      "dev": true,
      "funding": [
        {
          "type": "individual",
          "url": "https://github.com/sponsors/dubzzz"
        },
        {
          "type": "opencollective",
          "url": "https://opencollective.com/fast-check"
        }
      ],
      "license": "MIT",
      "dependencies": {
        "pure-rand": "^8.0.0"
      },
      "engines": {
        "node": ">=12.17.0"
      }
    },
    "node_modules/fetch-blob": {
      "version": "3.2.0",
      "funding": [
        {
          "type": "github",
          "url": "https://github.com/sponsors/jimmywarting"
        },
        {
          "type": "paypal",
          "url": "https://paypal.me/jimmywarting"
        }
      ],
      "license": "MIT",
      "optional": true,
      "dependencies": {
        "node-domexception": "^1.0.0",
        "web-streams-polyfill": "^3.0.3"
      },
      "engines": {
        "node": "^12.20 || >= 14.13"
      }
    },
    "node_modules/find-my-way-ts": {
      "version": "0.1.6",
      "dev": true,
      "license": "MIT"
    },
    "node_modules/formdata-polyfill": {
      "version": "4.0.10",
      "license": "MIT",
      "optional": true,
      "dependencies": {
        "fetch-blob": "^3.1.2"
      },
      "engines": {
        "node": ">=12.20.0"
      }
    },
    "node_modules/gaxios": {
      "version": "7.3.0",
      "license": "Apache-2.0",
      "optional": true,
      "dependencies": {
        "extend": "^3.0.2",
        "https-proxy-agent": "^7.0.1",
        "node-fetch": "^3.3.2"
      },
      "engines": {
        "node": ">=18"
      }
    },
    "node_modules/gcp-metadata": {
      "version": "8.1.2",
      "license": "Apache-2.0",
      "optional": true,
      "dependencies": {
        "gaxios": "^7.0.0",
        "google-logging-utils": "^1.0.0",
        "json-bigint": "^1.0.0"
      },
      "engines": {
        "node": ">=18"
      }
    },
    "node_modules/google-auth-library": {
      "version": "10.9.1",
      "license": "Apache-2.0",
      "optional": true,
      "dependencies": {
        "base64-js": "^1.3.0",
        "ecdsa-sig-formatter": "^1.0.11",
        "gaxios": "^7.1.4",
        "gcp-metadata": "8.1.2",
        "google-logging-utils": "1.1.3",
        "jws": "^4.0.0"
      },
      "engines": {
        "node": ">=18"
      }
    },
    "node_modules/google-logging-utils": {
      "version": "1.1.3",
      "license": "Apache-2.0",
      "optional": true,
      "engines": {
        "node": ">=14"
      }
    },
    "node_modules/https-proxy-agent": {
      "version": "7.0.6",
      "license": "MIT",
      "optional": true,
      "dependencies": {
        "agent-base": "^7.1.2",
        "debug": "4"
      },
      "engines": {
        "node": ">= 14"
      }
    },
    "node_modules/ini": {
      "version": "7.0.0",
      "dev": true,
      "license": "ISC",
      "engines": {
        "node": "^22.22.2 || ^24.15.0 || >=26.0.0"
      }
    },
    "node_modules/isexe": {
      "version": "2.0.0",
      "dev": true,
      "license": "ISC"
    },
    "node_modules/json-bigint": {
      "version": "1.0.0",
      "license": "MIT",
      "optional": true,
      "dependencies": {
        "bignumber.js": "^9.0.0"
      }
    },
    "node_modules/json-schema": {
      "version": "0.4.0",
      "license": "(AFL-2.1 OR BSD-3-Clause)"
    },
    "node_modules/jwa": {
      "version": "2.0.1",
      "license": "MIT",
      "optional": true,
      "dependencies": {
        "buffer-equal-constant-time": "^1.0.1",
        "ecdsa-sig-formatter": "1.0.11",
        "safe-buffer": "^5.0.1"
      }
    },
    "node_modules/jws": {
      "version": "4.0.1",
      "license": "MIT",
      "optional": true,
      "dependencies": {
        "jwa": "^2.0.1",
        "safe-buffer": "^5.0.1"
      }
    },
    "node_modules/kubernetes-types": {
      "version": "1.30.0",
      "dev": true,
      "license": "Apache-2.0"
    },
    "node_modules/ms": {
      "version": "2.1.3",
      "license": "MIT",
      "optional": true
    },
    "node_modules/msgpackr": {
      "version": "2.0.5",
      "dev": true,
      "license": "MIT",
      "optionalDependencies": {
        "msgpackr-extract": "^3.0.4"
      }
    },
    "node_modules/msgpackr-extract": {
      "version": "3.0.4",
      "dev": true,
      "hasInstallScript": true,
      "license": "MIT",
      "optional": true,
      "dependencies": {
        "node-gyp-build-optional-packages": "5.2.2"
      },
      "bin": {
        "download-msgpackr-prebuilds": "bin/download-prebuilds.js"
      },
      "optionalDependencies": {
        "@msgpackr-extract/msgpackr-extract-darwin-arm64": "3.0.4",
        "@msgpackr-extract/msgpackr-extract-darwin-x64": "3.0.4",
        "@msgpackr-extract/msgpackr-extract-linux-arm": "3.0.4",
        "@msgpackr-extract/msgpackr-extract-linux-arm64": "3.0.4",
        "@msgpackr-extract/msgpackr-extract-linux-x64": "3.0.4",
        "@msgpackr-extract/msgpackr-extract-win32-x64": "3.0.4"
      }
    },
    "node_modules/multipasta": {
      "version": "0.2.8",
      "dev": true,
      "license": "MIT"
    },
    "node_modules/node-domexception": {
      "version": "1.0.0",
      "funding": [
        {
          "type": "github",
          "url": "https://github.com/sponsors/jimmywarting"
        },
        {
          "type": "github",
          "url": "https://paypal.me/jimmywarting"
        }
      ],
      "license": "MIT",
      "optional": true,
      "engines": {
        "node": ">=10.5.0"
      }
    },
    "node_modules/node-fetch": {
      "version": "3.3.2",
      "license": "MIT",
      "optional": true,
      "dependencies": {
        "data-uri-to-buffer": "^4.0.0",
        "fetch-blob": "^3.1.4",
        "formdata-polyfill": "^4.0.10"
      },
      "engines": {
        "node": "^12.20.0 || ^14.13.1 || >=16.0.0"
      },
      "funding": {
        "type": "opencollective",
        "url": "https://opencollective.com/node-fetch"
      }
    },
    "node_modules/node-gyp-build-optional-packages": {
      "version": "5.2.2",
      "dev": true,
      "license": "MIT",
      "optional": true,
      "dependencies": {
        "detect-libc": "^2.0.1"
      },
      "bin": {
        "node-gyp-build-optional-packages": "bin.js",
        "node-gyp-build-optional-packages-optional": "optional.js",
        "node-gyp-build-optional-packages-test": "build-test.js"
      }
    },
    "node_modules/path-key": {
      "version": "3.1.1",
      "dev": true,
      "license": "MIT",
      "engines": {
        "node": ">=8"
      }
    },
    "node_modules/pure-rand": {
      "version": "8.4.2",
      "dev": true,
      "funding": [
        {
          "type": "individual",
          "url": "https://github.com/sponsors/dubzzz"
        },
        {
          "type": "opencollective",
          "url": "https://opencollective.com/fast-check"
        }
      ],
      "license": "MIT"
    },
    "node_modules/safe-buffer": {
      "version": "5.2.1",
      "funding": [
        {
          "type": "github",
          "url": "https://github.com/sponsors/feross"
        },
        {
          "type": "patreon",
          "url": "https://www.patreon.com/feross"
        },
        {
          "type": "consulting",
          "url": "https://feross.org/support"
        }
      ],
      "license": "MIT",
      "optional": true
    },
    "node_modules/shebang-command": {
      "version": "2.0.0",
      "dev": true,
      "license": "MIT",
      "dependencies": {
        "shebang-regex": "^3.0.0"
      },
      "engines": {
        "node": ">=8"
      }
    },
    "node_modules/shebang-regex": {
      "version": "3.0.0",
      "dev": true,
      "license": "MIT",
      "engines": {
        "node": ">=8"
      }
    },
    "node_modules/toml": {
      "version": "4.3.0",
      "dev": true,
      "license": "MIT",
      "engines": {
        "node": ">=20"
      }
    },
    "node_modules/tslib": {
      "version": "2.8.1",
      "license": "0BSD",
      "optional": true
    },
    "node_modules/typescript": {
      "version": "5.9.3",
      "dev": true,
      "license": "Apache-2.0",
      "bin": {
        "tsc": "bin/tsc",
        "tsserver": "bin/tsserver"
      },
      "engines": {
        "node": ">=14.17"
      }
    },
    "node_modules/undici": {
      "version": "5.29.0",
      "license": "MIT",
      "dependencies": {
        "@fastify/busboy": "^2.0.0"
      },
      "engines": {
        "node": ">=14.0"
      }
    },
    "node_modules/undici-types": {
      "version": "8.3.0",
      "dev": true,
      "license": "MIT"
    },
    "node_modules/uuid": {
      "version": "14.0.1",
      "dev": true,
      "funding": [
        "https://github.com/sponsors/broofa",
        "https://github.com/sponsors/ctavan"
      ],
      "license": "MIT",
      "bin": {
        "uuid": "dist-node/bin/uuid"
      }
    },
    "node_modules/web-streams-polyfill": {
      "version": "3.3.3",
      "license": "MIT",
      "optional": true,
      "engines": {
        "node": ">= 8"
      }
    },
    "node_modules/which": {
      "version": "2.0.2",
      "dev": true,
      "license": "ISC",
      "dependencies": {
        "isexe": "^2.0.0"
      },
      "bin": {
        "node-which": "bin/node-which"
      },
      "engines": {
        "node": ">= 8"
      }
    },
    "node_modules/yaml": {
      "version": "2.9.0",
      "dev": true,
      "license": "ISC",
      "bin": {
        "yaml": "bin.mjs"
      },
      "engines": {
        "node": ">= 14.6"
      },
      "funding": {
        "url": "https://github.com/sponsors/eemeli"
      }
    },
    "node_modules/zod": {
      "version": "4.1.8",
      "license": "MIT",
      "funding": {
        "url": "https://github.com/sponsors/colinhacks"
      }
    }
  }
}
